
Microsoft Visual Studio Solution File, Format Version 12.00
# Visual Studio Version 17
VisualStudioVersion = 17.4.33213.308
MinimumVisualStudioVersion = 10.0.40219.1
Project("{FAE04EC0-301F-11D3-BF4B-00C04F79EFBC}") = "Hello_world_from_config_file", "Hello_world_from_config_file.csproj", "{EA56A956-0832-4C4F-89E9-AA7763D12371}"
EndProject
Global
	GlobalSection(SolutionConfigurationPlatforms) = preSolution
		Debug|Any CPU = Debug|Any CPU
		Release|Any CPU = Release|Any CPU
	EndGlobalSection
	GlobalSection(ProjectConfigurationPlatforms) = postSolution
		{EA56A956-0832-4C4F-89E9-AA7763D12371}.Debug|Any CPU.ActiveCfg = Debug|Any CPU
		{EA56A956-0832-4C4F-89E9-AA7763D12371}.Debug|Any CPU.Build.0 = Debug|Any CPU
		{EA56A956-0832-4C4F-89E9-AA7763D12371}.Release|Any CPU.ActiveCfg = Release|Any CPU
		{EA56A956-0832-4C4F-89E9-AA7763D12371}.Release|Any CPU.Build.0 = Release|Any CPU
	EndGlobalSection
	GlobalSection(SolutionProperties) = preSolution
		HideSolutionNode = FALSE
	EndGlobalSection
	GlobalSection(ExtensibilityGlobals) = postSolution
		SolutionGuid = {856E201B-A132-4EA0-B131-C0E8AD7217E3}
	EndGlobalSection
EndGlobal
